
Microsoft Visual Studio Solution File, Format Version 12.00
# Visual Studio Version 17
VisualStudioVersion = 17.4.33103.184
MinimumVisualStudioVersion = 10.0.40219.1
Project("{FAE04EC0-301F-11D3-BF4B-00C04F79EFBC}") = "SuperHeroApi", "SuperHeroApi\SuperHeroApi.csproj", "{B5E5D640-7AB8-4CF3-8E73-D999FCDF5B2A}"
EndProject
Global
	GlobalSection(SolutionConfigurationPlatforms) = preSolution
		Debug|Any CPU = Debug|Any CPU
		Release|Any CPU = Release|Any CPU
	EndGlobalSection
	GlobalSection(ProjectConfigurationPlatforms) = postSolution
		{B5E5D640-7AB8-4CF3-8E73-D999FCDF5B2A}.Debug|Any CPU.ActiveCfg = Debug|Any CPU
		{B5E5D640-7AB8-4CF3-8E73-D999FCDF5B2A}.Debug|Any CPU.Build.0 = Debug|Any CPU
		{B5E5D640-7AB8-4CF3-8E73-D999FCDF5B2A}.Release|Any CPU.ActiveCfg = Release|Any CPU
		{B5E5D640-7AB8-4CF3-8E73-D999FCDF5B2A}.Release|Any CPU.Build.0 = Release|Any CPU
	EndGlobalSection
	GlobalSection(SolutionProperties) = preSolution
		HideSolutionNode = FALSE
	EndGlobalSection
	GlobalSection(ExtensibilityGlobals) = postSolution
		SolutionGuid = {9FD43937-B63C-405A-9B95-3E736E4DE2F1}
	EndGlobalSection
EndGlobal
